// !$*UTF8*$!
{
	archiveVersion = 1;
	classes = {
	};
	objectVersion = 70;
	objects = {

/* Begin PBXBuildFile section */
		8EA8A8C3FBB93F3207B6C6FC /* Pods_Contactv4_iOS.framework in Frameworks */ = {isa = PBXBuildFile; fileRef = 3D097792D8E49C12008890D4 /* Pods_Contactv4_iOS.framework */; };
		E14424212CC1EA5F00405C4A /* NotificationNames.swift in Sources */ = {isa = PBXBuildFile; fileRef = E14424202CC1EA5800405C4A /* NotificationNames.swift */; };
		E14424432CC2EE9300405C4A /* APIConfigs.swift in Sources */ = {isa = PBXBuildFile; fileRef = E14424422CC2EE9000405C4A /* APIConfigs.swift */; };
		E1D667C12CC08D0000CE587F /* Assets.xcassets in Resources */ = {isa = PBXBuildFile; fileRef = E1D667B82CC08D0000CE587F /* Assets.xcassets */; };
		E1D667C32CC08D0000CE587F /* LaunchScreen.storyboard in Resources */ = {isa = PBXBuildFile; fileRef = E1D667BB2CC08D0000CE587F /* LaunchScreen.storyboard */; };
		E1D667C42CC08D0000CE587F /* Main.storyboard in Resources */ = {isa = PBXBuildFile; fileRef = E1D667BD2CC08D0000CE587F /* Main.storyboard */; };
		E1D667C52CC08D0000CE587F /* AppDelegate.swift in Sources */ = {isa = PBXBuildFile; fileRef = E1D667B72CC08D0000CE587F /* AppDelegate.swift */; };
		E1D667C62CC08D0000CE587F /* SceneDelegate.swift in Sources */ = {isa = PBXBuildFile; fileRef = E1D667BE2CC08D0000CE587F /* SceneDelegate.swift */; };
/* End PBXBuildFile section */

/* Begin PBXFileReference section */
		39BF547046FAD1EBBA5B3033 /* Pods-Contactv4-iOS.debug.xcconfig */ = {isa = PBXFileReference; includeInIndex = 1; lastKnownFileType = text.xcconfig; name = "Pods-Contactv4-iOS.debug.xcconfig"; path = "Target Support Files/Pods-Contactv4-iOS/Pods-Contactv4-iOS.debug.xcconfig"; sourceTree = "<group>"; };
		3D097792D8E49C12008890D4 /* Pods_Contactv4_iOS.framework */ = {isa = PBXFileReference; explicitFileType = wrapper.framework; includeInIndex = 0; path = Pods_Contactv4_iOS.framework; sourceTree = BUILT_PRODUCTS_DIR; };
		7359DC77EDABCEAF12855212 /* Pods-Contactv4-iOS.release.xcconfig */ = {isa = PBXFileReference; includeInIndex = 1; lastKnownFileType = text.xcconfig; name = "Pods-Contactv4-iOS.release.xcconfig"; path = "Target Support Files/Pods-Contactv4-iOS/Pods-Contactv4-iOS.release.xcconfig"; sourceTree = "<group>"; };
		E121028D2CC08B4C00FD390F /* Contactv4-iOS.app */ = {isa = PBXFileReference; explicitFileType = wrapper.application; includeInIndex = 0; path = "Contactv4-iOS.app"; sourceTree = BUILT_PRODUCTS_DIR; };
		E14424202CC1EA5800405C4A /* NotificationNames.swift */ = {isa = PBXFileReference; lastKnownFileType = sourcecode.swift; path = NotificationNames.swift; sourceTree = "<group>"; };
		E14424422CC2EE9000405C4A /* APIConfigs.swift */ = {isa = PBXFileReference; lastKnownFileType = sourcecode.swift; path = APIConfigs.swift; sourceTree = "<group>"; };
		E1D667B72CC08D0000CE587F /* AppDelegate.swift */ = {isa = PBXFileReference; lastKnownFileType = sourcecode.swift; path = AppDelegate.swift; sourceTree = "<group>"; };
		E1D667B82CC08D0000CE587F /* Assets.xcassets */ = {isa = PBXFileReference; lastKnownFileType = folder.assetcatalog; path = Assets.xcassets; sourceTree = "<group>"; };
		E1D667B92CC08D0000CE587F /* Info.plist */ = {isa = PBXFileReference; lastKnownFileType = text.plist.xml; path = Info.plist; sourceTree = "<group>"; };
		E1D667BA2CC08D0000CE587F /* Base */ = {isa = PBXFileReference; lastKnownFileType = file.storyboard; name = Base; path = Base.lproj/LaunchScreen.storyboard; sourceTree = "<group>"; };
		E1D667BC2CC08D0000CE587F /* Base */ = {isa = PBXFileReference; lastKnownFileType = file.storyboard; name = Base; path = Base.lproj/Main.storyboard; sourceTree = "<group>"; };
		E1D667BE2CC08D0000CE587F /* SceneDelegate.swift */ = {isa = PBXFileReference; lastKnownFileType = sourcecode.swift; path = SceneDelegate.swift; sourceTree = "<group>"; };
/* End PBXFileReference section */

/* Begin PBXFileSystemSynchronizedRootGroup section */
		E14423E12CC1776600405C4A /* ViewController */ = {isa = PBXFileSystemSynchronizedRootGroup; explicitFileTypes = {}; explicitFolders = (); path = ViewController; sourceTree = "<group>"; };
		E14423E22CC1777B00405C4A /* Data Models */ = {isa = PBXFileSystemSynchronizedRootGroup; explicitFileTypes = {}; explicitFolders = (); path = "Data Models"; sourceTree = "<group>"; };
		E14423E42CC1779200405C4A /* View */ = {isa = PBXFileSystemSynchronizedRootGroup; explicitFileTypes = {}; explicitFolders = (); path = View; sourceTree = "<group>"; };
/* End PBXFileSystemSynchronizedRootGroup section */

/* Begin PBXFrameworksBuildPhase section */
		E121028A2CC08B4C00FD390F /* Frameworks */ = {
			isa = PBXFrameworksBuildPhase;
			buildActionMask = 2147483647;
			files = (
				8EA8A8C3FBB93F3207B6C6FC /* Pods_Contactv4_iOS.framework in Frameworks */,
			);
			runOnlyForDeploymentPostprocessing = 0;
		};
/* End PBXFrameworksBuildPhase section */

/* Begin PBXGroup section */
		4A999B32C83EC62CD99AD679 /* Pods */ = {
			isa = PBXGroup;
			children = (
				39BF547046FAD1EBBA5B3033 /* Pods-Contactv4-iOS.debug.xcconfig */,
				7359DC77EDABCEAF12855212 /* Pods-Contactv4-iOS.release.xcconfig */,
			);
			path = Pods;
			sourceTree = "<group>";
		};
		C16C597DBB059CB4D81CD6B7 /* Frameworks */ = {
			isa = PBXGroup;
			children = (
				3D097792D8E49C12008890D4 /* Pods_Contactv4_iOS.framework */,
			);
			name = Frameworks;
			sourceTree = "<group>";
		};
		E12102842CC08B4C00FD390F = {
			isa = PBXGroup;
			children = (
				E1D667C02CC08D0000CE587F /* Contactv4-iOS */,
				E121028E2CC08B4C00FD390F /* Products */,
				4A999B32C83EC62CD99AD679 /* Pods */,
				C16C597DBB059CB4D81CD6B7 /* Frameworks */,
			);
			sourceTree = "<group>";
		};
		E121028E2CC08B4C00FD390F /* Products */ = {
			isa = PBXGroup;
			children = (
				E121028D2CC08B4C00FD390F /* Contactv4-iOS.app */,
			);
			name = Products;
			sourceTree = "<group>";
		};
		E1D667C02CC08D0000CE587F /* Contactv4-iOS */ = {
			isa = PBXGroup;
			children = (
				E14424422CC2EE9000405C4A /* APIConfigs.swift */,
				E14424202CC1EA5800405C4A /* NotificationNames.swift */,
				E1D667B72CC08D0000CE587F /* AppDelegate.swift */,
				E1D667B82CC08D0000CE587F /* Assets.xcassets */,
				E1D667B92CC08D0000CE587F /* Info.plist */,
				E14423E42CC1779200405C4A /* View */,
				E14423E22CC1777B00405C4A /* Data Models */,
				E1D667BB2CC08D0000CE587F /* LaunchScreen.storyboard */,
				E1D667BD2CC08D0000CE587F /* Main.storyboard */,
				E14423E12CC1776600405C4A /* ViewController */,
				E1D667BE2CC08D0000CE587F /* SceneDelegate.swift */,
			);
			path = "Contactv4-iOS";
			sourceTree = "<group>";
		};
/* End PBXGroup section */

/* Begin PBXNativeTarget section */
		E121028C2CC08B4C00FD390F /* Contactv4-iOS */ = {
			isa = PBXNativeTarget;
			buildConfigurationList = E12102A02CC08B4D00FD390F /* Build configuration list for PBXNativeTarget "Contactv4-iOS" */;
			buildPhases = (
				5033AEC6CEFF7002811BC4E8 /* [CP] Check Pods Manifest.lock */,
				E12102892CC08B4C00FD390F /* Sources */,
				E121028A2CC08B4C00FD390F /* Frameworks */,
				E121028B2CC08B4C00FD390F /* Resources */,
				EB7131159EE7DFE533799889 /* [CP] Embed Pods Frameworks */,
			);
			buildRules = (
			);
			dependencies = (
			);
			fileSystemSynchronizedGroups = (
				E14423E12CC1776600405C4A /* ViewController */,
				E14423E22CC1777B00405C4A /* Data Models */,
				E14423E42CC1779200405C4A /* View */,
			);
			name = "Contactv4-iOS";
			productName = "Contactv4-iOS";
			productReference = E121028D2CC08B4C00FD390F /* Contactv4-iOS.app */;
			productType = "com.apple.product-type.application";
		};
/* End PBXNativeTarget section */

/* Begin PBXProject section */
		E12102852CC08B4C00FD390F /* Project object */ = {
			isa = PBXProject;
			attributes = {
				BuildIndependentTargetsInParallel = 1;
				LastSwiftUpdateCheck = 1600;
				LastUpgradeCheck = 1600;
				TargetAttributes = {
					E121028C2CC08B4C00FD390F = {
						CreatedOnToolsVersion = 16.0;
					};
				};
			};
			buildConfigurationList = E12102882CC08B4C00FD390F /* Build configuration list for PBXProject "Contactv4-iOS" */;
			compatibilityVersion = "Xcode 15.3";
			developmentRegion = en;
			hasScannedForEncodings = 0;
			knownRegions = (
				en,
				Base,
			);
			mainGroup = E12102842CC08B4C00FD390F;
			minimizedProjectReferenceProxies = 1;
			productRefGroup = E121028E2CC08B4C00FD390F /* Products */;
			projectDirPath = "";
			projectRoot = "";
			targets = (
				E121028C2CC08B4C00FD390F /* Contactv4-iOS */,
			);
		};
/* End PBXProject section */

/* Begin PBXResourcesBuildPhase section */
		E121028B2CC08B4C00FD390F /* Resources */ = {
			isa = PBXResourcesBuildPhase;
			buildActionMask = 2147483647;
			files = (
				E1D667C12CC08D0000CE587F /* Assets.xcassets in Resources */,
				E1D667C32CC08D0000CE587F /* LaunchScreen.storyboard in Resources */,
				E1D667C42CC08D0000CE587F /* Main.storyboard in Resources */,
			);
			runOnlyForDeploymentPostprocessing = 0;
		};
/* End PBXResourcesBuildPhase section */

/* Begin PBXShellScriptBuildPhase section */
		5033AEC6CEFF7002811BC4E8 /* [CP] Check Pods Manifest.lock */ = {
			isa = PBXShellScriptBuildPhase;
			buildActionMask = 2147483647;
			files = (
			);
			inputFileListPaths = (
			);
			inputPaths = (
				"${PODS_PODFILE_DIR_PATH}/Podfile.lock",
				"${PODS_ROOT}/Manifest.lock",
			);
			name = "[CP] Check Pods Manifest.lock";
			outputFileListPaths = (
			);
			outputPaths = (
				"$(DERIVED_FILE_DIR)/Pods-Contactv4-iOS-checkManifestLockResult.txt",
			);
			runOnlyForDeploymentPostprocessing = 0;
			shellPath = /bin/sh;
			shellScript = "diff \"${PODS_PODFILE_DIR_PATH}/Podfile.lock\" \"${PODS_ROOT}/Manifest.lock\" > /dev/null\nif [ $? != 0 ] ; then\n    # print error to STDERR\n    echo \"error: The sandbox is not in sync with the Podfile.lock. Run 'pod install' or update your CocoaPods installation.\" >&2\n    exit 1\nfi\n# This output is used by Xcode 'outputs' to avoid re-running this script phase.\necho \"SUCCESS\" > \"${SCRIPT_OUTPUT_FILE_0}\"\n";
			showEnvVarsInLog = 0;
		};
		EB7131159EE7DFE533799889 /* [CP] Embed Pods Frameworks */ = {
			isa = PBXShellScriptBuildPhase;
			buildActionMask = 2147483647;
			files = (
			);
			inputFileListPaths = (
				"${PODS_ROOT}/Target Support Files/Pods-Contactv4-iOS/Pods-Contactv4-iOS-frameworks-${CONFIGURATION}-input-files.xcfilelist",
			);
			name = "[CP] Embed Pods Frameworks";
			outputFileListPaths = (
				"${PODS_ROOT}/Target Support Files/Pods-Contactv4-iOS/Pods-Contactv4-iOS-frameworks-${CONFIGURATION}-output-files.xcfilelist",
			);
			runOnlyForDeploymentPostprocessing = 0;
			shellPath = /bin/sh;
			shellScript = "\"${PODS_ROOT}/Target Support Files/Pods-Contactv4-iOS/Pods-Contactv4-iOS-frameworks.sh\"\n";
			showEnvVarsInLog = 0;
		};
/* End PBXShellScriptBuildPhase section */

/* Begin PBXSourcesBuildPhase section */
		E12102892CC08B4C00FD390F /* Sources */ = {
			isa = PBXSourcesBuildPhase;
			buildActionMask = 2147483647;
			files = (
				E1D667C52CC08D0000CE587F /* AppDelegate.swift in Sources */,
				E1D667C62CC08D0000CE587F /* SceneDelegate.swift in Sources */,
				E14424212CC1EA5F00405C4A /* NotificationNames.swift in Sources */,
				E14424432CC2EE9300405C4A /* APIConfigs.swift in Sources */,
			);
			runOnlyForDeploymentPostprocessing = 0;
		};
/* End PBXSourcesBuildPhase section */

/* Begin PBXVariantGroup section */
		E1D667BB2CC08D0000CE587F /* LaunchScreen.storyboard */ = {
			isa = PBXVariantGroup;
			children = (
				E1D667BA2CC08D0000CE587F /* Base */,
			);
			name = LaunchScreen.storyboard;
			sourceTree = "<group>";
		};
		E1D667BD2CC08D0000CE587F /* Main.storyboard */ = {
			isa = PBXVariantGroup;
			children = (
				E1D667BC2CC08D0000CE587F /* Base */,
			);
			name = Main.storyboard;
			sourceTree = "<group>";
		};
/* End PBXVariantGroup section */

/* Begin XCBuildConfiguration section */
		E12102A12CC08B4D00FD390F /* Debug */ = {
			isa = XCBuildConfiguration;
			baseConfigurationReference = 39BF547046FAD1EBBA5B3033 /* Pods-Contactv4-iOS.debug.xcconfig */;
			buildSettings = {
				ASSETCATALOG_COMPILER_APPICON_NAME = AppIcon;
				ASSETCATALOG_COMPILER_GLOBAL_ACCENT_COLOR_NAME = AccentColor;
				CODE_SIGN_STYLE = Automatic;
				CURRENT_PROJECT_VERSION = 1;
				DEVELOPMENT_TEAM = PXC8J5S7PP;
				ENABLE_USER_SCRIPT_SANDBOXING = NO;
				GENERATE_INFOPLIST_FILE = YES;
				INFOPLIST_FILE = "Contactv4-iOS/Info.plist";
				INFOPLIST_KEY_UIApplicationSupportsIndirectInputEvents = YES;
				INFOPLIST_KEY_UILaunchStoryboardName = LaunchScreen;
				INFOPLIST_KEY_UIMainStoryboardFile = Main;
				INFOPLIST_KEY_UISupportedInterfaceOrientations_iPad = "UIInterfaceOrientationPortrait UIInterfaceOrientationPortraitUpsideDown UIInterfaceOrientationLandscapeLeft UIInterfaceOrientationLandscapeRight";
				INFOPLIST_KEY_UISupportedInterfaceOrientations_iPhone = "UIInterfaceOrientationPortrait UIInterfaceOrientationLandscapeLeft UIInterfaceOrientationLandscapeRight";
				IPHONEOS_DEPLOYMENT_TARGET = 16.6;
				LD_RUNPATH_SEARCH_PATHS = (
					"$(inherited)",
					"@executable_path/Frameworks",
				);
				MARKETING_VERSION = 1.0;
				PRODUCT_BUNDLE_IDENTIFIER = "com.damy.Contactv4-iOS";
				PRODUCT_NAME = "$(TARGET_NAME)";
				SWIFT_EMIT_LOC_STRINGS = YES;
				SWIFT_VERSION = 5.0;
				TARGETED_DEVICE_FAMILY = "1,2";
			};
			name = Debug;
		};
		E12102A22CC08B4D00FD390F /* Release */ = {
			isa = XCBuildConfiguration;
			baseConfigurationReference = 7359DC77EDABCEAF12855212 /* Pods-Contactv4-iOS.release.xcconfig */;
			buildSettings = {
				ASSETCATALOG_COMPILER_APPICON_NAME = AppIcon;
				ASSETCATALOG_COMPILER_GLOBAL_ACCENT_COLOR_NAME = AccentColor;
				CODE_SIGN_STYLE = Automatic;
				CURRENT_PROJECT_VERSION = 1;
				DEVELOPMENT_TEAM = PXC8J5S7PP;
				ENABLE_USER_SCRIPT_SANDBOXING = NO;
				GENERATE_INFOPLIST_FILE = YES;
				INFOPLIST_FILE = "Contactv4-iOS/Info.plist";
				INFOPLIST_KEY_UIApplicationSupportsIndirectInputEvents = YES;
				INFOPLIST_KEY_UILaunchStoryboardName = LaunchScreen;
				INFOPLIST_KEY_UIMainStoryboardFile = Main;
				INFOPLIST_KEY_UISupportedInterfaceOrientations_iPad = "UIInterfaceOrientationPortrait UIInterfaceOrientationPortraitUpsideDown UIInterfaceOrientationLandscapeLeft UIInterfaceOrientationLandscapeRight";
				INFOPLIST_KEY_UISupportedInterfaceOrientations_iPhone = "UIInterfaceOrientationPortrait UIInterfaceOrientationLandscapeLeft UIInterfaceOrientationLandscapeRight";
				IPHONEOS_DEPLOYMENT_TARGET = 16.6;
				LD_RUNPATH_SEARCH_PATHS = (
					"$(inherited)",
					"@executable_path/Frameworks",
				);
				MARKETING_VERSION = 1.0;
				PRODUCT_BUNDLE_IDENTIFIER = "com.damy.Contactv4-iOS";
				PRODUCT_NAME = "$(TARGET_NAME)";
				SWIFT_EMIT_LOC_STRINGS = YES;
				SWIFT_VERSION = 5.0;
				TARGETED_DEVICE_FAMILY = "1,2";
			};
			name = Release;
		};
		E12102A32CC08B4D00FD390F /* Debug */ = {
			isa = XCBuildConfiguration;
			buildSettings = {
				ALWAYS_SEARCH_USER_PATHS = NO;
				ASSETCATALOG_COMPILER_GENERATE_SWIFT_ASSET_SYMBOL_EXTENSIONS = YES;
				CLANG_ANALYZER_NONNULL = YES;
				CLANG_ANALYZER_NUMBER_OBJECT_CONVERSION = YES_AGGRESSIVE;
				CLANG_CXX_LANGUAGE_STANDARD = "gnu++20";
				CLANG_ENABLE_MODULES = YES;
				CLANG_ENABLE_OBJC_ARC = YES;
				CLANG_ENABLE_OBJC_WEAK = YES;
				CLANG_WARN_BLOCK_CAPTURE_AUTORELEASING = YES;
				CLANG_WARN_BOOL_CONVERSION = YES;
				CLANG_WARN_COMMA = YES;
				CLANG_WARN_CONSTANT_CONVERSION = YES;
				CLANG_WARN_DEPRECATED_OBJC_IMPLEMENTATIONS = YES;
				CLANG_WARN_DIRECT_OBJC_ISA_USAGE = YES_ERROR;
				CLANG_WARN_DOCUMENTATION_COMMENTS = YES;
				CLANG_WARN_EMPTY_BODY = YES;
				CLANG_WARN_ENUM_CONVERSION = YES;
				CLANG_WARN_INFINITE_RECURSION = YES;
				CLANG_WARN_INT_CONVERSION = YES;
				CLANG_WARN_NON_LITERAL_NULL_CONVERSION = YES;
				CLANG_WARN_OBJC_IMPLICIT_RETAIN_SELF = YES;
				CLANG_WARN_OBJC_LITERAL_CONVERSION = YES;
				CLANG_WARN_OBJC_ROOT_CLASS = YES_ERROR;
				CLANG_WARN_QUOTED_INCLUDE_IN_FRAMEWORK_HEADER = YES;
				CLANG_WARN_RANGE_LOOP_ANALYSIS = YES;
				CLANG_WARN_STRICT_PROTOTYPES = YES;
				CLANG_WARN_SUSPICIOUS_MOVE = YES;
				CLANG_WARN_UNGUARDED_AVAILABILITY = YES_AGGRESSIVE;
				CLANG_WARN_UNREACHABLE_CODE = YES;
				CLANG_WARN__DUPLICATE_METHOD_MATCH = YES;
				COPY_PHASE_STRIP = NO;
				DEBUG_INFORMATION_FORMAT = dwarf;
				ENABLE_STRICT_OBJC_MSGSEND = YES;
				ENABLE_TESTABILITY = YES;
				ENABLE_USER_SCRIPT_SANDBOXING = YES;
				GCC_C_LANGUAGE_STANDARD = gnu17;
				GCC_DYNAMIC_NO_PIC = NO;
				GCC_NO_COMMON_BLOCKS = YES;
				GCC_OPTIMIZATION_LEVEL = 0;
				GCC_PREPROCESSOR_DEFINITIONS = (
					"DEBUG=1",
					"$(inherited)",
				);
				GCC_WARN_64_TO_32_BIT_CONVERSION = YES;
				GCC_WARN_ABOUT_RETURN_TYPE = YES_ERROR;
				GCC_WARN_UNDECLARED_SELECTOR = YES;
				GCC_WARN_UNINITIALIZED_AUTOS = YES_AGGRESSIVE;
				GCC_WARN_UNUSED_FUNCTION = YES;
				GCC_WARN_UNUSED_VARIABLE = YES;
				IPHONEOS_DEPLOYMENT_TARGET = 18.0;
				LOCALIZATION_PREFERS_STRING_CATALOGS = YES;
				MTL_ENABLE_DEBUG_INFO = INCLUDE_SOURCE;
				MTL_FAST_MATH = YES;
				ONLY_ACTIVE_ARCH = YES;
				SDKROOT = iphoneos;
				SWIFT_ACTIVE_COMPILATION_CONDITIONS = "DEBUG $(inherited)";
				SWIFT_OPTIMIZATION_LEVEL = "-Onone";
			};
			name = Debug;
		};
		E12102A42CC08B4D00FD390F /* Release */ = {
			isa = XCBuildConfiguration;
			buildSettings = {
				ALWAYS_SEARCH_USER_PATHS = NO;
				ASSETCATALOG_COMPILER_GENERATE_SWIFT_ASSET_SYMBOL_EXTENSIONS = YES;
				CLANG_ANALYZER_NONNULL = YES;
				CLANG_ANALYZER_NUMBER_OBJECT_CONVERSION = YES_AGGRESSIVE;
				CLANG_CXX_LANGUAGE_STANDARD = "gnu++20";
				CLANG_ENABLE_MODULES = YES;
				CLANG_ENABLE_OBJC_ARC = YES;
				CLANG_ENABLE_OBJC_WEAK = YES;
				CLANG_WARN_BLOCK_CAPTURE_AUTORELEASING = YES;
				CLANG_WARN_BOOL_CONVERSION = YES;
				CLANG_WARN_COMMA = YES;
				CLANG_WARN_CONSTANT_CONVERSION = YES;
				CLANG_WARN_DEPRECATED_OBJC_IMPLEMENTATIONS = YES;
				CLANG_WARN_DIRECT_OBJC_ISA_USAGE = YES_ERROR;
				CLANG_WARN_DOCUMENTATION_COMMENTS = YES;
				CLANG_WARN_EMPTY_BODY = YES;
				CLANG_WARN_ENUM_CONVERSION = YES;
				CLANG_WARN_INFINITE_RECURSION = YES;
				CLANG_WARN_INT_CONVERSION = YES;
				CLANG_WARN_NON_LITERAL_NULL_CONVERSION = YES;
				CLANG_WARN_OBJC_IMPLICIT_RETAIN_SELF = YES;
				CLANG_WARN_OBJC_LITERAL_CONVERSION = YES;
				CLANG_WARN_OBJC_ROOT_CLASS = YES_ERROR;
				CLANG_WARN_QUOTED_INCLUDE_IN_FRAMEWORK_HEADER = YES;
				CLANG_WARN_RANGE_LOOP_ANALYSIS = YES;
				CLANG_WARN_STRICT_PROTOTYPES = YES;
				CLANG_WARN_SUSPICIOUS_MOVE = YES;
				CLANG_WARN_UNGUARDED_AVAILABILITY = YES_AGGRESSIVE;
				CLANG_WARN_UNREACHABLE_CODE = YES;
				CLANG_WARN__DUPLICATE_METHOD_MATCH = YES;
				COPY_PHASE_STRIP = NO;
				DEBUG_INFORMATION_FORMAT = "dwarf-with-dsym";
				ENABLE_NS_ASSERTIONS = NO;
				ENABLE_STRICT_OBJC_MSGSEND = YES;
				ENABLE_USER_SCRIPT_SANDBOXING = YES;
				GCC_C_LANGUAGE_STANDARD = gnu17;
				GCC_NO_COMMON_BLOCKS = YES;
				GCC_WARN_64_TO_32_BIT_CONVERSION = YES;
				GCC_WARN_ABOUT_RETURN_TYPE = YES_ERROR;
				GCC_WARN_UNDECLARED_SELECTOR = YES;
				GCC_WARN_UNINITIALIZED_AUTOS = YES_AGGRESSIVE;
				GCC_WARN_UNUSED_FUNCTION = YES;
				GCC_WARN_UNUSED_VARIABLE = YES;
				IPHONEOS_DEPLOYMENT_TARGET = 18.0;
				LOCALIZATION_PREFERS_STRING_CATALOGS = YES;
				MTL_ENABLE_DEBUG_INFO = NO;
				MTL_FAST_MATH = YES;
				SDKROOT = iphoneos;
				SWIFT_COMPILATION_MODE = wholemodule;
				VALIDATE_PRODUCT = YES;
			};
			name = Release;
		};
/* End XCBuildConfiguration section */

/* Begin XCConfigurationList section */
		E12102882CC08B4C00FD390F /* Build configuration list for PBXProject "Contactv4-iOS" */ = {
			isa = XCConfigurationList;
			buildConfigurations = (
				E12102A32CC08B4D00FD390F /* Debug */,
				E12102A42CC08B4D00FD390F /* Release */,
			);
			defaultConfigurationIsVisible = 0;
			defaultConfigurationName = Release;
		};
		E12102A02CC08B4D00FD390F /* Build configuration list for PBXNativeTarget "Contactv4-iOS" */ = {
			isa = XCConfigurationList;
			buildConfigurations = (
				E12102A12CC08B4D00FD390F /* Debug */,
				E12102A22CC08B4D00FD390F /* Release */,
			);
			defaultConfigurationIsVisible = 0;
			defaultConfigurationName = Release;
		};
/* End XCConfigurationList section */
	};
	rootObject = E12102852CC08B4C00FD390F /* Project object */;
}
